// !$*UTF8*$!
{
	archiveVersion = 1;
	classes = {
	};
	objectVersion = 46;
	objects = {

/* Begin PBXBuildFile section */
		4F0B9B0B197246610016D88B /* SUNView.m in Sources */ = {isa = PBXBuildFile; fileRef = 4F0B9B0A197246610016D88B /* SUNView.m */; };
		4F0B9B0E1972476A0016D88B /* SUNSlider.m in Sources */ = {isa = PBXBuildFile; fileRef = 4F0B9B0D1972476A0016D88B /* SUNSlider.m */; };
		4F0B9B10197262120016D88B /* ServiceManagement.framework in Frameworks */ = {isa = PBXBuildFile; fileRef = 4F0B9B0F197262120016D88B /* ServiceManagement.framework */; };
		4F64B7A8197214A700F3142C /* Cocoa.framework in Frameworks */ = {isa = PBXBuildFile; fileRef = 4F64B7A7197214A700F3142C /* Cocoa.framework */; };
		4F64B7B2197214A700F3142C /* InfoPlist.strings in Resources */ = {isa = PBXBuildFile; fileRef = 4F64B7B0197214A700F3142C /* InfoPlist.strings */; };
		4F64B7B4197214A700F3142C /* main.m in Sources */ = {isa = PBXBuildFile; fileRef = 4F64B7B3197214A700F3142C /* main.m */; };
		4F64B7B8197214A700F3142C /* Credits.rtf in Resources */ = {isa = PBXBuildFile; fileRef = 4F64B7B6197214A700F3142C /* Credits.rtf */; };
		4F64B7BE197214A700F3142C /* MainMenu.xib in Resources */ = {isa = PBXBuildFile; fileRef = 4F64B7BC197214A700F3142C /* MainMenu.xib */; };
		4F64B7C0197214A700F3142C /* Images.xcassets in Resources */ = {isa = PBXBuildFile; fileRef = 4F64B7BF197214A700F3142C /* Images.xcassets */; };
		4F64B7C7197214A700F3142C /* XCTest.framework in Frameworks */ = {isa = PBXBuildFile; fileRef = 4F64B7C6197214A700F3142C /* XCTest.framework */; };
		4F64B7C8197214A700F3142C /* Cocoa.framework in Frameworks */ = {isa = PBXBuildFile; fileRef = 4F64B7A7197214A700F3142C /* Cocoa.framework */; };
		4F64B7D0197214A700F3142C /* InfoPlist.strings in Resources */ = {isa = PBXBuildFile; fileRef = 4F64B7CE197214A700F3142C /* InfoPlist.strings */; };
		4F64B7D2197214A700F3142C /* SunScreenTests.m in Sources */ = {isa = PBXBuildFile; fileRef = 4F64B7D1197214A700F3142C /* SunScreenTests.m */; };
		4F64B7ED1972286F00F3142C /* SUNScreenManager.m in Sources */ = {isa = PBXBuildFile; fileRef = 4F64B7E81972286F00F3142C /* SUNScreenManager.m */; };
		4F64B7EE1972286F00F3142C /* SUNAppDelegate.m in Sources */ = {isa = PBXBuildFile; fileRef = 4F64B7EA1972286F00F3142C /* SUNAppDelegate.m */; };
		4F64B7FA19722D6F00F3142C /* SUNScreen.m in Sources */ = {isa = PBXBuildFile; fileRef = 4F64B7F919722D6F00F3142C /* SUNScreen.m */; };
		4F64B7FC1972336300F3142C /* IOKit.framework in Frameworks */ = {isa = PBXBuildFile; fileRef = 4F64B7FB1972336300F3142C /* IOKit.framework */; };
		4F64B7FE1972336E00F3142C /* SystemConfiguration.framework in Frameworks */ = {isa = PBXBuildFile; fileRef = 4F64B7FD1972336E00F3142C /* SystemConfiguration.framework */; };
		4F64B8061972345D00F3142C /* SUNViewController.m in Sources */ = {isa = PBXBuildFile; fileRef = 4F64B8041972345D00F3142C /* SUNViewController.m */; };
		4F64B8071972345D00F3142C /* SUNViewController.xib in Resources */ = {isa = PBXBuildFile; fileRef = 4F64B8051972345D00F3142C /* SUNViewController.xib */; };
		906E480889674650829B57B1 /* libPods.a in Frameworks */ = {isa = PBXBuildFile; fileRef = C1E6D71831F4402D88C5EDA4 /* libPods.a */; };
/* End PBXBuildFile section */

/* Begin PBXContainerItemProxy section */
		4F64B7C9197214A700F3142C /* PBXContainerItemProxy */ = {
			isa = PBXContainerItemProxy;
			containerPortal = 4F64B79C197214A700F3142C /* Project object */;
			proxyType = 1;
			remoteGlobalIDString = 4F64B7A3197214A700F3142C;
			remoteInfo = SunScreen;
		};
/* End PBXContainerItemProxy section */

/* Begin PBXFileReference section */
		4BB2612664624D5AB8761799 /* Pods.xcconfig */ = {isa = PBXFileReference; includeInIndex = 1; lastKnownFileType = text.xcconfig; name = Pods.xcconfig; path = Pods/Pods.xcconfig; sourceTree = "<group>"; };
		4F0B9B09197246610016D88B /* SUNView.h */ = {isa = PBXFileReference; fileEncoding = 4; lastKnownFileType = sourcecode.c.h; name = SUNView.h; path = ViewControllers/SUNView.h; sourceTree = "<group>"; };
		4F0B9B0A197246610016D88B /* SUNView.m */ = {isa = PBXFileReference; fileEncoding = 4; lastKnownFileType = sourcecode.c.objc; name = SUNView.m; path = ViewControllers/SUNView.m; sourceTree = "<group>"; };
		4F0B9B0C1972476A0016D88B /* SUNSlider.h */ = {isa = PBXFileReference; fileEncoding = 4; lastKnownFileType = sourcecode.c.h; name = SUNSlider.h; path = ViewControllers/SUNSlider.h; sourceTree = "<group>"; };
		4F0B9B0D1972476A0016D88B /* SUNSlider.m */ = {isa = PBXFileReference; fileEncoding = 4; lastKnownFileType = sourcecode.c.objc; name = SUNSlider.m; path = ViewControllers/SUNSlider.m; sourceTree = "<group>"; };
		4F0B9B0F197262120016D88B /* ServiceManagement.framework */ = {isa = PBXFileReference; lastKnownFileType = wrapper.framework; name = ServiceManagement.framework; path = System/Library/Frameworks/ServiceManagement.framework; sourceTree = SDKROOT; };
		4F64B7A4197214A700F3142C /* Sunscreen.app */ = {isa = PBXFileReference; explicitFileType = wrapper.application; includeInIndex = 0; path = Sunscreen.app; sourceTree = BUILT_PRODUCTS_DIR; };
		4F64B7A7197214A700F3142C /* Cocoa.framework */ = {isa = PBXFileReference; lastKnownFileType = wrapper.framework; name = Cocoa.framework; path = System/Library/Frameworks/Cocoa.framework; sourceTree = SDKROOT; };
		4F64B7AA197214A700F3142C /* AppKit.framework */ = {isa = PBXFileReference; lastKnownFileType = wrapper.framework; name = AppKit.framework; path = System/Library/Frameworks/AppKit.framework; sourceTree = SDKROOT; };
		4F64B7AB197214A700F3142C /* CoreData.framework */ = {isa = PBXFileReference; lastKnownFileType = wrapper.framework; name = CoreData.framework; path = System/Library/Frameworks/CoreData.framework; sourceTree = SDKROOT; };
		4F64B7AC197214A700F3142C /* Foundation.framework */ = {isa = PBXFileReference; lastKnownFileType = wrapper.framework; name = Foundation.framework; path = System/Library/Frameworks/Foundation.framework; sourceTree = SDKROOT; };
		4F64B7AF197214A700F3142C /* Sunscreen.temp_caseinsensitive_rename-Info.plist */ = {isa = PBXFileReference; lastKnownFileType = text.plist.xml; path = "Sunscreen.temp_caseinsensitive_rename-Info.plist"; sourceTree = "<group>"; };
		4F64B7B1197214A700F3142C /* en */ = {isa = PBXFileReference; lastKnownFileType = text.plist.strings; name = en; path = en.lproj/InfoPlist.strings; sourceTree = "<group>"; };
		4F64B7B3197214A700F3142C /* main.m */ = {isa = PBXFileReference; lastKnownFileType = sourcecode.c.objc; path = main.m; sourceTree = "<group>"; };
		4F64B7B5197214A700F3142C /* Sunscreen.temp_caseinsensitive_rename-Prefix.pch */ = {isa = PBXFileReference; lastKnownFileType = sourcecode.c.h; path = "Sunscreen.temp_caseinsensitive_rename-Prefix.pch"; sourceTree = "<group>"; };
		4F64B7B7197214A700F3142C /* en */ = {isa = PBXFileReference; lastKnownFileType = text.rtf; name = en; path = en.lproj/Credits.rtf; sourceTree = "<group>"; };
		4F64B7BD197214A700F3142C /* Base */ = {isa = PBXFileReference; lastKnownFileType = file.xib; name = Base; path = Base.lproj/MainMenu.xib; sourceTree = "<group>"; };
		4F64B7BF197214A700F3142C /* Images.xcassets */ = {isa = PBXFileReference; lastKnownFileType = folder.assetcatalog; path = Images.xcassets; sourceTree = "<group>"; };
		4F64B7C5197214A700F3142C /* SunscreenTests.xctest */ = {isa = PBXFileReference; explicitFileType = wrapper.cfbundle; includeInIndex = 0; path = SunscreenTests.xctest; sourceTree = BUILT_PRODUCTS_DIR; };
		4F64B7C6197214A700F3142C /* XCTest.framework */ = {isa = PBXFileReference; lastKnownFileType = wrapper.framework; name = XCTest.framework; path = Library/Frameworks/XCTest.framework; sourceTree = DEVELOPER_DIR; };
		4F64B7CD197214A700F3142C /* Sunscreen.temp_caseinsensitive_renameTests-Info.plist */ = {isa = PBXFileReference; lastKnownFileType = text.plist.xml; path = "Sunscreen.temp_caseinsensitive_renameTests-Info.plist"; sourceTree = "<group>"; };
		4F64B7CF197214A700F3142C /* en */ = {isa = PBXFileReference; lastKnownFileType = text.plist.strings; name = en; path = en.lproj/InfoPlist.strings; sourceTree = "<group>"; };
		4F64B7D1197214A700F3142C /* SunScreenTests.m */ = {isa = PBXFileReference; lastKnownFileType = sourcecode.c.objc; path = SunScreenTests.m; sourceTree = "<group>"; };
		4F64B7E71972286F00F3142C /* SUNScreenManager.h */ = {isa = PBXFileReference; fileEncoding = 4; lastKnownFileType = sourcecode.c.h; path = SUNScreenManager.h; sourceTree = "<group>"; };
		4F64B7E81972286F00F3142C /* SUNScreenManager.m */ = {isa = PBXFileReference; fileEncoding = 4; lastKnownFileType = sourcecode.c.objc; path = SUNScreenManager.m; sourceTree = "<group>"; };
		4F64B7E91972286F00F3142C /* SUNAppDelegate.h */ = {isa = PBXFileReference; fileEncoding = 4; lastKnownFileType = sourcecode.c.h; path = SUNAppDelegate.h; sourceTree = "<group>"; };
		4F64B7EA1972286F00F3142C /* SUNAppDelegate.m */ = {isa = PBXFileReference; fileEncoding = 4; lastKnownFileType = sourcecode.c.objc; path = SUNAppDelegate.m; sourceTree = "<group>"; };
		4F64B7EC1972286F00F3142C /* CGDirectDisplayUtility.h */ = {isa = PBXFileReference; fileEncoding = 4; lastKnownFileType = sourcecode.c.h; path = CGDirectDisplayUtility.h; sourceTree = "<group>"; };
		4F64B7F819722D6F00F3142C /* SUNScreen.h */ = {isa = PBXFileReference; fileEncoding = 4; lastKnownFileType = sourcecode.c.h; path = SUNScreen.h; sourceTree = "<group>"; };
		4F64B7F919722D6F00F3142C /* SUNScreen.m */ = {isa = PBXFileReference; fileEncoding = 4; lastKnownFileType = sourcecode.c.objc; path = SUNScreen.m; sourceTree = "<group>"; };
		4F64B7FB1972336300F3142C /* IOKit.framework */ = {isa = PBXFileReference; lastKnownFileType = wrapper.framework; name = IOKit.framework; path = System/Library/Frameworks/IOKit.framework; sourceTree = SDKROOT; };
		4F64B7FD1972336E00F3142C /* SystemConfiguration.framework */ = {isa = PBXFileReference; lastKnownFileType = wrapper.framework; name = SystemConfiguration.framework; path = System/Library/Frameworks/SystemConfiguration.framework; sourceTree = SDKROOT; };
		4F64B8031972345D00F3142C /* SUNViewController.h */ = {isa = PBXFileReference; fileEncoding = 4; lastKnownFileType = sourcecode.c.h; name = SUNViewController.h; path = ViewControllers/SUNViewController.h; sourceTree = "<group>"; };
		4F64B8041972345D00F3142C /* SUNViewController.m */ = {isa = PBXFileReference; fileEncoding = 4; lastKnownFileType = sourcecode.c.objc; name = SUNViewController.m; path = ViewControllers/SUNViewController.m; sourceTree = "<group>"; };
		4F64B8051972345D00F3142C /* SUNViewController.xib */ = {isa = PBXFileReference; fileEncoding = 4; lastKnownFileType = file.xib; name = SUNViewController.xib; path = ViewControllers/SUNViewController.xib; sourceTree = "<group>"; };
		C1E6D71831F4402D88C5EDA4 /* libPods.a */ = {isa = PBXFileReference; explicitFileType = archive.ar; includeInIndex = 0; path = libPods.a; sourceTree = BUILT_PRODUCTS_DIR; };
/* End PBXFileReference section */

/* Begin PBXFrameworksBuildPhase section */
		4F64B7A1197214A700F3142C /* Frameworks */ = {
			isa = PBXFrameworksBuildPhase;
			buildActionMask = 2147483647;
			files = (
				4F0B9B10197262120016D88B /* ServiceManagement.framework in Frameworks */,
				4F64B7FE1972336E00F3142C /* SystemConfiguration.framework in Frameworks */,
				4F64B7FC1972336300F3142C /* IOKit.framework in Frameworks */,
				4F64B7A8197214A700F3142C /* Cocoa.framework in Frameworks */,
				906E480889674650829B57B1 /* libPods.a in Frameworks */,
			);
			runOnlyForDeploymentPostprocessing = 0;
		};
		4F64B7C2197214A700F3142C /* Frameworks */ = {
			isa = PBXFrameworksBuildPhase;
			buildActionMask = 2147483647;
			files = (
				4F64B7C8197214A700F3142C /* Cocoa.framework in Frameworks */,
				4F64B7C7197214A700F3142C /* XCTest.framework in Frameworks */,
			);
			runOnlyForDeploymentPostprocessing = 0;
		};
/* End PBXFrameworksBuildPhase section */

/* Begin PBXGroup section */
		4F64B79B197214A700F3142C = {
			isa = PBXGroup;
			children = (
				4F64B7AD197214A700F3142C /* Sunscreen */,
				4F64B7CB197214A700F3142C /* SunscreenTests */,
				4F64B7A6197214A700F3142C /* Frameworks */,
				4F64B7A5197214A700F3142C /* Products */,
				4BB2612664624D5AB8761799 /* Pods.xcconfig */,
			);
			sourceTree = "<group>";
		};
		4F64B7A5197214A700F3142C /* Products */ = {
			isa = PBXGroup;
			children = (
				4F64B7A4197214A700F3142C /* Sunscreen.app */,
				4F64B7C5197214A700F3142C /* SunscreenTests.xctest */,
			);
			name = Products;
			sourceTree = "<group>";
		};
		4F64B7A6197214A700F3142C /* Frameworks */ = {
			isa = PBXGroup;
			children = (
				4F0B9B0F197262120016D88B /* ServiceManagement.framework */,
				4F64B7FD1972336E00F3142C /* SystemConfiguration.framework */,
				4F64B7FB1972336300F3142C /* IOKit.framework */,
				4F64B7A7197214A700F3142C /* Cocoa.framework */,
				4F64B7C6197214A700F3142C /* XCTest.framework */,
				4F64B7A9197214A700F3142C /* Other Frameworks */,
				C1E6D71831F4402D88C5EDA4 /* libPods.a */,
			);
			name = Frameworks;
			sourceTree = "<group>";
		};
		4F64B7A9197214A700F3142C /* Other Frameworks */ = {
			isa = PBXGroup;
			children = (
				4F64B7AA197214A700F3142C /* AppKit.framework */,
				4F64B7AB197214A700F3142C /* CoreData.framework */,
				4F64B7AC197214A700F3142C /* Foundation.framework */,
			);
			name = "Other Frameworks";
			sourceTree = "<group>";
		};
		4F64B7AD197214A700F3142C /* Sunscreen */ = {
			isa = PBXGroup;
			children = (
				4F64B7E41972286F00F3142C /* Class */,
				4F64B7E31972156B00F3142C /* Resources */,
				4F64B7AE197214A700F3142C /* Supporting Files */,
			);
			name = Sunscreen;
			path = SunScreen;
			sourceTree = "<group>";
		};
		4F64B7AE197214A700F3142C /* Supporting Files */ = {
			isa = PBXGroup;
			children = (
				4F64B7AF197214A700F3142C /* Sunscreen.temp_caseinsensitive_rename-Info.plist */,
				4F64B7B5197214A700F3142C /* Sunscreen.temp_caseinsensitive_rename-Prefix.pch */,
				4F64B7B3197214A700F3142C /* main.m */,
				4F64B7B6197214A700F3142C /* Credits.rtf */,
			);
			name = "Supporting Files";
			sourceTree = "<group>";
		};
		4F64B7CB197214A700F3142C /* SunscreenTests */ = {
			isa = PBXGroup;
			children = (
				4F64B7D1197214A700F3142C /* SunScreenTests.m */,
				4F64B7CC197214A700F3142C /* Supporting Files */,
			);
			name = SunscreenTests;
			path = SunScreenTests;
			sourceTree = "<group>";
		};
		4F64B7CC197214A700F3142C /* Supporting Files */ = {
			isa = PBXGroup;
			children = (
				4F64B7CD197214A700F3142C /* Sunscreen.temp_caseinsensitive_renameTests-Info.plist */,
				4F64B7CE197214A700F3142C /* InfoPlist.strings */,
			);
			name = "Supporting Files";
			sourceTree = "<group>";
		};
		4F64B7E31972156B00F3142C /* Resources */ = {
			isa = PBXGroup;
			children = (
				4F64B7BF197214A700F3142C /* Images.xcassets */,
				4F64B7BC197214A700F3142C /* MainMenu.xib */,
				4F64B7B0197214A700F3142C /* InfoPlist.strings */,
			);
			name = Resources;
			sourceTree = "<group>";
		};
		4F64B7E41972286F00F3142C /* Class */ = {
			isa = PBXGroup;
			children = (
				4F64B7E91972286F00F3142C /* SUNAppDelegate.h */,
				4F64B7EA1972286F00F3142C /* SUNAppDelegate.m */,
				4F64B8021972342400F3142C /* ViewControllers */,
				4F64B7E51972286F00F3142C /* Controls */,
				4F64B7E61972286F00F3142C /* Managers */,
				4F64B7EB1972286F00F3142C /* Utilities */,
			);
			name = Class;
			path = Sunscreen/Class;
			sourceTree = SOURCE_ROOT;
		};
		4F64B7E51972286F00F3142C /* Controls */ = {
			isa = PBXGroup;
			children = (
			);
			path = Controls;
			sourceTree = "<group>";
		};
		4F64B7E61972286F00F3142C /* Managers */ = {
			isa = PBXGroup;
			children = (
				4F64B7E71972286F00F3142C /* SUNScreenManager.h */,
				4F64B7E81972286F00F3142C /* SUNScreenManager.m */,
				4F64B7F819722D6F00F3142C /* SUNScreen.h */,
				4F64B7F919722D6F00F3142C /* SUNScreen.m */,
			);
			path = Managers;
			sourceTree = "<group>";
		};
		4F64B7EB1972286F00F3142C /* Utilities */ = {
			isa = PBXGroup;
			children = (
				4F64B7EC1972286F00F3142C /* CGDirectDisplayUtility.h */,
			);
			path = Utilities;
			sourceTree = "<group>";
		};
		4F64B8021972342400F3142C /* ViewControllers */ = {
			isa = PBXGroup;
			children = (
				4F64B8031972345D00F3142C /* SUNViewController.h */,
				4F64B8041972345D00F3142C /* SUNViewController.m */,
				4F0B9B09197246610016D88B /* SUNView.h */,
				4F0B9B0A197246610016D88B /* SUNView.m */,
				4F0B9B0C1972476A0016D88B /* SUNSlider.h */,
				4F0B9B0D1972476A0016D88B /* SUNSlider.m */,
				4F64B8051972345D00F3142C /* SUNViewController.xib */,
			);
			name = ViewControllers;
			sourceTree = "<group>";
		};
/* End PBXGroup section */

/* Begin PBXNativeTarget section */
		4F64B7A3197214A700F3142C /* Sunscreen */ = {
			isa = PBXNativeTarget;
			buildConfigurationList = 4F64B7D5197214A700F3142C /* Build configuration list for PBXNativeTarget "Sunscreen" */;
			buildPhases = (
				5067011D7197475DB8C4E478 /* Check Pods Manifest.lock */,
				4F64B7A0197214A700F3142C /* Sources */,
				4F64B7A1197214A700F3142C /* Frameworks */,
				4F64B7A2197214A700F3142C /* Resources */,
				8B14B0597E3546F6AF36BF61 /* Copy Pods Resources */,
			);
			buildRules = (
			);
			dependencies = (
			);
			name = Sunscreen;
			productName = SunScreen;
			productReference = 4F64B7A4197214A700F3142C /* Sunscreen.app */;
			productType = "com.apple.product-type.application";
		};
		4F64B7C4197214A700F3142C /* SunscreenTests */ = {
			isa = PBXNativeTarget;
			buildConfigurationList = 4F64B7D8197214A700F3142C /* Build configuration list for PBXNativeTarget "SunscreenTests" */;
			buildPhases = (
				4F64B7C1197214A700F3142C /* Sources */,
				4F64B7C2197214A700F3142C /* Frameworks */,
				4F64B7C3197214A700F3142C /* Resources */,
			);
			buildRules = (
			);
			dependencies = (
				4F64B7CA197214A700F3142C /* PBXTargetDependency */,
			);
			name = SunscreenTests;
			productName = SunScreenTests;
			productReference = 4F64B7C5197214A700F3142C /* SunscreenTests.xctest */;
			productType = "com.apple.product-type.bundle.unit-test";
		};
/* End PBXNativeTarget section */

/* Begin PBXProject section */
		4F64B79C197214A700F3142C /* Project object */ = {
			isa = PBXProject;
			attributes = {
				CLASSPREFIX = SUN;
				LastUpgradeCheck = 0510;
				ORGANIZATIONNAME = "DZN Labs";
				TargetAttributes = {
					4F64B7C4197214A700F3142C = {
						TestTargetID = 4F64B7A3197214A700F3142C;
					};
				};
			};
			buildConfigurationList = 4F64B79F197214A700F3142C /* Build configuration list for PBXProject "Sunscreen" */;
			compatibilityVersion = "Xcode 3.2";
			developmentRegion = English;
			hasScannedForEncodings = 0;
			knownRegions = (
				en,
				Base,
			);
			mainGroup = 4F64B79B197214A700F3142C;
			productRefGroup = 4F64B7A5197214A700F3142C /* Products */;
			projectDirPath = "";
			projectRoot = "";
			targets = (
				4F64B7A3197214A700F3142C /* Sunscreen */,
				4F64B7C4197214A700F3142C /* SunscreenTests */,
			);
		};
/* End PBXProject section */

/* Begin PBXResourcesBuildPhase section */
		4F64B7A2197214A700F3142C /* Resources */ = {
			isa = PBXResourcesBuildPhase;
			buildActionMask = 2147483647;
			files = (
				4F64B7B2197214A700F3142C /* InfoPlist.strings in Resources */,
				4F64B7C0197214A700F3142C /* Images.xcassets in Resources */,
				4F64B7B8197214A700F3142C /* Credits.rtf in Resources */,
				4F64B7BE197214A700F3142C /* MainMenu.xib in Resources */,
				4F64B8071972345D00F3142C /* SUNViewController.xib in Resources */,
			);
			runOnlyForDeploymentPostprocessing = 0;
		};
		4F64B7C3197214A700F3142C /* Resources */ = {
			isa = PBXResourcesBuildPhase;
			buildActionMask = 2147483647;
			files = (
				4F64B7D0197214A700F3142C /* InfoPlist.strings in Resources */,
			);
			runOnlyForDeploymentPostprocessing = 0;
		};
/* End PBXResourcesBuildPhase section */

/* Begin PBXShellScriptBuildPhase section */
		5067011D7197475DB8C4E478 /* Check Pods Manifest.lock */ = {
			isa = PBXShellScriptBuildPhase;
			buildActionMask = 2147483647;
			files = (
			);
			inputPaths = (
			);
			name = "Check Pods Manifest.lock";
			outputPaths = (
			);
			runOnlyForDeploymentPostprocessing = 0;
			shellPath = /bin/sh;
			shellScript = "diff \"${PODS_ROOT}/../Podfile.lock\" \"${PODS_ROOT}/Manifest.lock\" > /dev/null\nif [[ $? != 0 ]] ; then\n    cat << EOM\nerror: The sandbox is not in sync with the Podfile.lock. Run 'pod install' or update your CocoaPods installation.\nEOM\n    exit 1\nfi\n";
			showEnvVarsInLog = 0;
		};
		8B14B0597E3546F6AF36BF61 /* Copy Pods Resources */ = {
			isa = PBXShellScriptBuildPhase;
			buildActionMask = 2147483647;
			files = (
			);
			inputPaths = (
			);
			name = "Copy Pods Resources";
			outputPaths = (
			);
			runOnlyForDeploymentPostprocessing = 0;
			shellPath = /bin/sh;
			shellScript = "\"${SRCROOT}/Pods/Pods-resources.sh\"\n";
			showEnvVarsInLog = 0;
		};
/* End PBXShellScriptBuildPhase section */

/* Begin PBXSourcesBuildPhase section */
		4F64B7A0197214A700F3142C /* Sources */ = {
			isa = PBXSourcesBuildPhase;
			buildActionMask = 2147483647;
			files = (
				4F64B7EE1972286F00F3142C /* SUNAppDelegate.m in Sources */,
				4F64B7FA19722D6F00F3142C /* SUNScreen.m in Sources */,
				4F64B8061972345D00F3142C /* SUNViewController.m in Sources */,
				4F64B7ED1972286F00F3142C /* SUNScreenManager.m in Sources */,
				4F0B9B0B197246610016D88B /* SUNView.m in Sources */,
				4F64B7B4197214A700F3142C /* main.m in Sources */,
				4F0B9B0E1972476A0016D88B /* SUNSlider.m in Sources */,
			);
			runOnlyForDeploymentPostprocessing = 0;
		};
		4F64B7C1197214A700F3142C /* Sources */ = {
			isa = PBXSourcesBuildPhase;
			buildActionMask = 2147483647;
			files = (
				4F64B7D2197214A700F3142C /* SunScreenTests.m in Sources */,
			);
			runOnlyForDeploymentPostprocessing = 0;
		};
/* End PBXSourcesBuildPhase section */

/* Begin PBXTargetDependency section */
		4F64B7CA197214A700F3142C /* PBXTargetDependency */ = {
			isa = PBXTargetDependency;
			target = 4F64B7A3197214A700F3142C /* Sunscreen */;
			targetProxy = 4F64B7C9197214A700F3142C /* PBXContainerItemProxy */;
		};
/* End PBXTargetDependency section */

/* Begin PBXVariantGroup section */
		4F64B7B0197214A700F3142C /* InfoPlist.strings */ = {
			isa = PBXVariantGroup;
			children = (
				4F64B7B1197214A700F3142C /* en */,
			);
			name = InfoPlist.strings;
			sourceTree = "<group>";
		};
		4F64B7B6197214A700F3142C /* Credits.rtf */ = {
			isa = PBXVariantGroup;
			children = (
				4F64B7B7197214A700F3142C /* en */,
			);
			name = Credits.rtf;
			sourceTree = "<group>";
		};
		4F64B7BC197214A700F3142C /* MainMenu.xib */ = {
			isa = PBXVariantGroup;
			children = (
				4F64B7BD197214A700F3142C /* Base */,
			);
			name = MainMenu.xib;
			sourceTree = "<group>";
		};
		4F64B7CE197214A700F3142C /* InfoPlist.strings */ = {
			isa = PBXVariantGroup;
			children = (
				4F64B7CF197214A700F3142C /* en */,
			);
			name = InfoPlist.strings;
			sourceTree = "<group>";
		};
/* End PBXVariantGroup section */

/* Begin XCBuildConfiguration section */
		4F64B7D3197214A700F3142C /* Debug */ = {
			isa = XCBuildConfiguration;
			buildSettings = {
				ALWAYS_SEARCH_USER_PATHS = NO;
				CLANG_CXX_LANGUAGE_STANDARD = "gnu++0x";
				CLANG_CXX_LIBRARY = "libc++";
				CLANG_ENABLE_MODULES = YES;
				CLANG_ENABLE_OBJC_ARC = YES;
				CLANG_WARN_BOOL_CONVERSION = YES;
				CLANG_WARN_CONSTANT_CONVERSION = YES;
				CLANG_WARN_DIRECT_OBJC_ISA_USAGE = YES_ERROR;
				CLANG_WARN_EMPTY_BODY = YES;
				CLANG_WARN_ENUM_CONVERSION = YES;
				CLANG_WARN_INT_CONVERSION = YES;
				CLANG_WARN_OBJC_ROOT_CLASS = YES_ERROR;
				CLANG_WARN__DUPLICATE_METHOD_MATCH = YES;
				COPY_PHASE_STRIP = NO;
				GCC_C_LANGUAGE_STANDARD = gnu99;
				GCC_DYNAMIC_NO_PIC = NO;
				GCC_ENABLE_OBJC_EXCEPTIONS = YES;
				GCC_OPTIMIZATION_LEVEL = 0;
				GCC_PREPROCESSOR_DEFINITIONS = (
					"DEBUG=1",
					"$(inherited)",
				);
				GCC_SYMBOLS_PRIVATE_EXTERN = NO;
				GCC_WARN_64_TO_32_BIT_CONVERSION = YES;
				GCC_WARN_ABOUT_RETURN_TYPE = YES_ERROR;
				GCC_WARN_UNDECLARED_SELECTOR = YES;
				GCC_WARN_UNINITIALIZED_AUTOS = YES_AGGRESSIVE;
				GCC_WARN_UNUSED_FUNCTION = YES;
				GCC_WARN_UNUSED_VARIABLE = YES;
				MACOSX_DEPLOYMENT_TARGET = 10.8;
				ONLY_ACTIVE_ARCH = YES;
				SDKROOT = macosx;
			};
			name = Debug;
		};
		4F64B7D4197214A700F3142C /* Release */ = {
			isa = XCBuildConfiguration;
			buildSettings = {
				ALWAYS_SEARCH_USER_PATHS = NO;
				CLANG_CXX_LANGUAGE_STANDARD = "gnu++0x";
				CLANG_CXX_LIBRARY = "libc++";
				CLANG_ENABLE_MODULES = YES;
				CLANG_ENABLE_OBJC_ARC = YES;
				CLANG_WARN_BOOL_CONVERSION = YES;
				CLANG_WARN_CONSTANT_CONVERSION = YES;
				CLANG_WARN_DIRECT_OBJC_ISA_USAGE = YES_ERROR;
				CLANG_WARN_EMPTY_BODY = YES;
				CLANG_WARN_ENUM_CONVERSION = YES;
				CLANG_WARN_INT_CONVERSION = YES;
				CLANG_WARN_OBJC_ROOT_CLASS = YES_ERROR;
				CLANG_WARN__DUPLICATE_METHOD_MATCH = YES;
				COPY_PHASE_STRIP = YES;
				DEBUG_INFORMATION_FORMAT = "dwarf-with-dsym";
				ENABLE_NS_ASSERTIONS = NO;
				GCC_C_LANGUAGE_STANDARD = gnu99;
				GCC_ENABLE_OBJC_EXCEPTIONS = YES;
				GCC_WARN_64_TO_32_BIT_CONVERSION = YES;
				GCC_WARN_ABOUT_RETURN_TYPE = YES_ERROR;
				GCC_WARN_UNDECLARED_SELECTOR = YES;
				GCC_WARN_UNINITIALIZED_AUTOS = YES_AGGRESSIVE;
				GCC_WARN_UNUSED_FUNCTION = YES;
				GCC_WARN_UNUSED_VARIABLE = YES;
				MACOSX_DEPLOYMENT_TARGET = 10.8;
				SDKROOT = macosx;
			};
			name = Release;
		};
		4F64B7D6197214A700F3142C /* Debug */ = {
			isa = XCBuildConfiguration;
			baseConfigurationReference = 4BB2612664624D5AB8761799 /* Pods.xcconfig */;
			buildSettings = {
				ASSETCATALOG_COMPILER_APPICON_NAME = AppIcon;
				COMBINE_HIDPI_IMAGES = YES;
				GCC_PRECOMPILE_PREFIX_HEADER = YES;
				GCC_PREFIX_HEADER = "Sunscreen/Sunscreen.temp_caseinsensitive_rename-Prefix.pch";
				INFOPLIST_FILE = "Sunscreen/Sunscreen.temp_caseinsensitive_rename-Info.plist";
				PRODUCT_NAME = "$(TARGET_NAME)";
				WRAPPER_EXTENSION = app;
			};
			name = Debug;
		};
		4F64B7D7197214A700F3142C /* Release */ = {
			isa = XCBuildConfiguration;
			baseConfigurationReference = 4BB2612664624D5AB8761799 /* Pods.xcconfig */;
			buildSettings = {
				ASSETCATALOG_COMPILER_APPICON_NAME = AppIcon;
				COMBINE_HIDPI_IMAGES = YES;
				GCC_PRECOMPILE_PREFIX_HEADER = YES;
				GCC_PREFIX_HEADER = "Sunscreen/Sunscreen.temp_caseinsensitive_rename-Prefix.pch";
				INFOPLIST_FILE = "Sunscreen/Sunscreen.temp_caseinsensitive_rename-Info.plist";
				PRODUCT_NAME = "$(TARGET_NAME)";
				WRAPPER_EXTENSION = app;
			};
			name = Release;
		};
		4F64B7D9197214A700F3142C /* Debug */ = {
			isa = XCBuildConfiguration;
			buildSettings = {
				BUNDLE_LOADER = "$(BUILT_PRODUCTS_DIR)/SunScreen.app/Contents/MacOS/SunScreen";
				COMBINE_HIDPI_IMAGES = YES;
				FRAMEWORK_SEARCH_PATHS = (
					"$(DEVELOPER_FRAMEWORKS_DIR)",
					"$(inherited)",
				);
				GCC_PRECOMPILE_PREFIX_HEADER = YES;
				GCC_PREFIX_HEADER = "SunScreen/SunScreen-Prefix.pch";
				GCC_PREPROCESSOR_DEFINITIONS = (
					"DEBUG=1",
					"$(inherited)",
				);
				INFOPLIST_FILE = "SunScreenTests/Sunscreen.temp_caseinsensitive_renameTests-Info.plist";
				PRODUCT_NAME = "$(TARGET_NAME)";
				TEST_HOST = "$(BUNDLE_LOADER)";
				WRAPPER_EXTENSION = xctest;
			};
			name = Debug;
		};
		4F64B7DA197214A700F3142C /* Release */ = {
			isa = XCBuildConfiguration;
			buildSettings = {
				BUNDLE_LOADER = "$(BUILT_PRODUCTS_DIR)/SunScreen.app/Contents/MacOS/SunScreen";
				COMBINE_HIDPI_IMAGES = YES;
				FRAMEWORK_SEARCH_PATHS = (
					"$(DEVELOPER_FRAMEWORKS_DIR)",
					"$(inherited)",
				);
				GCC_PRECOMPILE_PREFIX_HEADER = YES;
				GCC_PREFIX_HEADER = "SunScreen/SunScreen-Prefix.pch";
				INFOPLIST_FILE = "SunScreenTests/Sunscreen.temp_caseinsensitive_renameTests-Info.plist";
				PRODUCT_NAME = "$(TARGET_NAME)";
				TEST_HOST = "$(BUNDLE_LOADER)";
				WRAPPER_EXTENSION = xctest;
			};
			name = Release;
		};
/* End XCBuildConfiguration section */

/* Begin XCConfigurationList section */
		4F64B79F197214A700F3142C /* Build configuration list for PBXProject "Sunscreen" */ = {
			isa = XCConfigurationList;
			buildConfigurations = (
				4F64B7D3197214A700F3142C /* Debug */,
				4F64B7D4197214A700F3142C /* Release */,
			);
			defaultConfigurationIsVisible = 0;
			defaultConfigurationName = Release;
		};
		4F64B7D5197214A700F3142C /* Build configuration list for PBXNativeTarget "Sunscreen" */ = {
			isa = XCConfigurationList;
			buildConfigurations = (
				4F64B7D6197214A700F3142C /* Debug */,
				4F64B7D7197214A700F3142C /* Release */,
			);
			defaultConfigurationIsVisible = 0;
			defaultConfigurationName = Release;
		};
		4F64B7D8197214A700F3142C /* Build configuration list for PBXNativeTarget "SunscreenTests" */ = {
			isa = XCConfigurationList;
			buildConfigurations = (
				4F64B7D9197214A700F3142C /* Debug */,
				4F64B7DA197214A700F3142C /* Release */,
			);
			defaultConfigurationIsVisible = 0;
			defaultConfigurationName = Release;
		};
/* End XCConfigurationList section */
	};
	rootObject = 4F64B79C197214A700F3142C /* Project object */;
}
